{
  "name": "sandpaper-support",
  "version": "0.1.0",
  "lockfileVersion": 3,
  "requires": true,
  "packages": {
    "": {
      "name": "sandpaper-support",
      "version": "0.1.0",
      "dependencies": {
        "@algolia/autocomplete-js": "^1.19.8",
        "fuse.js": "^7.3.0"
      }
    },
    "node_modules/@algolia/abtesting": {
      "version": "1.17.0",
      "resolved": "https://registry.npmjs.org/@algolia/abtesting/-/abtesting-1.17.0.tgz",
      "integrity": "sha512-nuhHZdTiCtRzJEe9VSNzyqE9cOQMt01UWBzymFnjbgwrxxZpbGHQde6Oa/y9zyspTCjbUtb7Q5HQek1CLiLyeg==",
      "license": "MIT",
      "peer": true,
      "dependencies": {
        "@algolia/client-common": "5.51.0",
        "@algolia/requester-browser-xhr": "5.51.0",
        "@algolia/requester-fetch": "5.51.0",
        "@algolia/requester-node-http": "5.51.0"
      },
      "engines": {
        "node": ">= 14.0.0"
      }
    },
    "node_modules/@algolia/autocomplete-core": {
      "version": "1.19.8",
      "resolved": "https://registry.npmjs.org/@algolia/autocomplete-core/-/autocomplete-core-1.19.8.tgz",
      "integrity": "sha512-3YEorYg44niXcm7gkft3nXYItHd44e8tmh4D33CTszPgP0QWkaLEaFywiNyJBo7UL/mqObA/G9RYuU7R8tN1IA==",
      "license": "MIT",
      "dependencies": {
        "@algolia/autocomplete-plugin-algolia-insights": "1.19.8",
        "@algolia/autocomplete-shared": "1.19.8"
      }
    },
    "node_modules/@algolia/autocomplete-js": {
      "version": "1.19.8",
      "resolved": "https://registry.npmjs.org/@algolia/autocomplete-js/-/autocomplete-js-1.19.8.tgz",
      "integrity": "sha512-9Sfr9Un3vObdtnj6IqzxoD9XisjFJxA9WAyVxmOkwTD9aVluyNwDeEWeGLy12xhRyILjA5C7byto159cZcdEEA==",
      "license": "MIT",
      "dependencies": {
        "@algolia/autocomplete-core": "1.19.8",
        "@algolia/autocomplete-preset-algolia": "1.19.8",
        "@algolia/autocomplete-shared": "1.19.8",
        "htm": "^3.1.1",
        "preact": "^10.13.2"
      },
      "peerDependencies": {
        "@algolia/client-search": ">= 4.5.1 < 6",
        "algoliasearch": ">= 4.9.1 < 6"
      }
    },
    "node_modules/@algolia/autocomplete-plugin-algolia-insights": {
      "version": "1.19.8",
      "resolved": "https://registry.npmjs.org/@algolia/autocomplete-plugin-algolia-insights/-/autocomplete-plugin-algolia-insights-1.19.8.tgz",
      "integrity": "sha512-ZvJWO8ZZJDpc1LNM2TTBdmQsZBLMR4rU5iNR2OYvEeFBiaf/0ESnRSSLQbryarJY4SVxtoz6A2ZtDMNM+iQEAA==",
      "license": "MIT",
      "dependencies": {
        "@algolia/autocomplete-shared": "1.19.8"
      },
      "peerDependencies": {
        "search-insights": ">= 1 < 3"
      }
    },
    "node_modules/@algolia/autocomplete-preset-algolia": {
      "version": "1.19.8",
      "resolved": "https://registry.npmjs.org/@algolia/autocomplete-preset-algolia/-/autocomplete-preset-algolia-1.19.8.tgz",
      "integrity": "sha512-5XhJe5uXXLrt+C1MjIv1/BfGNHZyD1xkAYMVANTjdY+PXwO4o+3YIK2XGU0MxHTGryy70G6+xVO9TB7xA+3hGQ==",
      "license": "MIT",
      "dependencies": {
        "@algolia/autocomplete-shared": "1.19.8"
      },
      "peerDependencies": {
        "@algolia/client-search": ">= 4.9.1 < 6",
        "algoliasearch": ">= 4.9.1 < 6"
      }
    },
    "node_modules/@algolia/autocomplete-shared": {
      "version": "1.19.8",
      "resolved": "https://registry.npmjs.org/@algolia/autocomplete-shared/-/autocomplete-shared-1.19.8.tgz",
      "integrity": "sha512-h5hf2t8ejF6vlOgvLaZzQbWs5SyH2z4PAWygNAvvD/2RI29hdQ54ldUGwqVuj9Srs+n8XUKTPUqb7fvhBhQrnQ==",
      "license": "MIT",
      "peerDependencies": {
        "@algolia/client-search": ">= 4.9.1 < 6",
        "algoliasearch": ">= 4.9.1 < 6"
      }
    },
    "node_modules/@algolia/client-abtesting": {
      "version": "5.51.0",
      "resolved": "https://registry.npmjs.org/@algolia/client-abtesting/-/client-abtesting-5.51.0.tgz",
      "integrity": "sha512-PKrKlIla1U2J7mFcIQn6N3pWP4oySmkxShnbbDsj/H7818gKbET5KsUwsVoNjWIxHKTJMCTcQ7ekAJ8Ea23NMg==",
      "license": "MIT",
      "peer": true,
      "dependencies": {
        "@algolia/client-common": "5.51.0",
        "@algolia/requester-browser-xhr": "5.51.0",
        "@algolia/requester-fetch": "5.51.0",
        "@algolia/requester-node-http": "5.51.0"
      },
      "engines": {
        "node": ">= 14.0.0"
      }
    },
    "node_modules/@algolia/client-analytics": {
      "version": "5.51.0",
      "resolved": "https://registry.npmjs.org/@algolia/client-analytics/-/client-analytics-5.51.0.tgz",
      "integrity": "sha512-U+HCY1K16Km91pIRL1kN6bW6BbGFAF/WhkRSCx4wyl1aFpbrlhSFQs/dAwWbmyBiHWwVWhl7stWHQ1pum5EfMw==",
      "license": "MIT",
      "peer": true,
      "dependencies": {
        "@algolia/client-common": "5.51.0",
        "@algolia/requester-browser-xhr": "5.51.0",
        "@algolia/requester-fetch": "5.51.0",
        "@algolia/requester-node-http": "5.51.0"
      },
      "engines": {
        "node": ">= 14.0.0"
      }
    },
    "node_modules/@algolia/client-common": {
      "version": "5.51.0",
      "resolved": "https://registry.npmjs.org/@algolia/client-common/-/client-common-5.51.0.tgz",
      "integrity": "sha512-YPJ3dEuZLCRp846Az94t6Z2gwSNRazP+SmBco7p6SCa4fYrtIE820PDXYZshbNrj2Z8Qfbmv7BQ1Lecl5L3G/w==",
      "license": "MIT",
      "peer": true,
      "engines": {
        "node": ">= 14.0.0"
      }
    },
    "node_modules/@algolia/client-insights": {
      "version": "5.51.0",
      "resolved": "https://registry.npmjs.org/@algolia/client-insights/-/client-insights-5.51.0.tgz",
      "integrity": "sha512-/gEwLlR7fQ7YjOW+ADRZ0NxLDtpTC61FSzlZ01Gdl1kTJfU0Rq3Y/TYqwxGxlQGcUiXtGzrpjxXWh3Y0TZD6NA==",
      "license": "MIT",
      "peer": true,
      "dependencies": {
        "@algolia/client-common": "5.51.0",
        "@algolia/requester-browser-xhr": "5.51.0",
        "@algolia/requester-fetch": "5.51.0",
        "@algolia/requester-node-http": "5.51.0"
      },
      "engines": {
        "node": ">= 14.0.0"
      }
    },
    "node_modules/@algolia/client-personalization": {
      "version": "5.51.0",
      "resolved": "https://registry.npmjs.org/@algolia/client-personalization/-/client-personalization-5.51.0.tgz",
      "integrity": "sha512-nRwUN1Y2cKyOAFZyIBagkEfZSIhP05nWhT4Rjwl84lcjECssYggftrAODrZ4leakXxSGjhxs/AdaAFEIBqwVFA==",
      "license": "MIT",
      "peer": true,
      "dependencies": {
        "@algolia/client-common": "5.51.0",
        "@algolia/requester-browser-xhr": "5.51.0",
        "@algolia/requester-fetch": "5.51.0",
        "@algolia/requester-node-http": "5.51.0"
      },
      "engines": {
        "node": ">= 14.0.0"
      }
    },
    "node_modules/@algolia/client-query-suggestions": {
      "version": "5.51.0",
      "resolved": "https://registry.npmjs.org/@algolia/client-query-suggestions/-/client-query-suggestions-5.51.0.tgz",
      "integrity": "sha512-pybzYCG7VoQKppo+z5iZOKpW8XqtFxhsAIRgEaNboCnfypKukiBHJAwB+pmr7vMZXBsOHwklGYWwCG82e8qshA==",
      "license": "MIT",
      "peer": true,
      "dependencies": {
        "@algolia/client-common": "5.51.0",
        "@algolia/requester-browser-xhr": "5.51.0",
        "@algolia/requester-fetch": "5.51.0",
        "@algolia/requester-node-http": "5.51.0"
      },
      "engines": {
        "node": ">= 14.0.0"
      }
    },
    "node_modules/@algolia/client-search": {
      "version": "5.51.0",
      "resolved": "https://registry.npmjs.org/@algolia/client-search/-/client-search-5.51.0.tgz",
      "integrity": "sha512-DWVIlj6RqcvdhwP0gBU9OpOQPnHdcAk9jlT+z8rsNb2+liWv4eUlfQZ7saGBraFsnygEHD3PtdppIHvqwBAb5w==",
      "license": "MIT",
      "peer": true,
      "dependencies": {
        "@algolia/client-common": "5.51.0",
        "@algolia/requester-browser-xhr": "5.51.0",
        "@algolia/requester-fetch": "5.51.0",
        "@algolia/requester-node-http": "5.51.0"
      },
      "engines": {
        "node": ">= 14.0.0"
      }
    },
    "node_modules/@algolia/ingestion": {
      "version": "1.51.0",
      "resolved": "https://registry.npmjs.org/@algolia/ingestion/-/ingestion-1.51.0.tgz",
      "integrity": "sha512-bA25s12iUDJi/X8M7tWlPRT8GeOhls/yDbdoUqinz27lNqsOlcM1UrAxIKdIZ6lm3sXit+ewPIz1pS2x6rXu8g==",
      "license": "MIT",
      "peer": true,
      "dependencies": {
        "@algolia/client-common": "5.51.0",
        "@algolia/requester-browser-xhr": "5.51.0",
        "@algolia/requester-fetch": "5.51.0",
        "@algolia/requester-node-http": "5.51.0"
      },
      "engines": {
        "node": ">= 14.0.0"
      }
    },
    "node_modules/@algolia/monitoring": {
      "version": "1.51.0",
      "resolved": "https://registry.npmjs.org/@algolia/monitoring/-/monitoring-1.51.0.tgz",
      "integrity": "sha512-zj+RcE5e0NE0/ew6oEOTgOplPHry+w2oi7h0Y87lhdq4E0d7xLS31KVB8kKfCGkrG7AYtZvrcyvLOKS5d0no4Q==",
      "license": "MIT",
      "peer": true,
      "dependencies": {
        "@algolia/client-common": "5.51.0",
        "@algolia/requester-browser-xhr": "5.51.0",
        "@algolia/requester-fetch": "5.51.0",
        "@algolia/requester-node-http": "5.51.0"
      },
      "engines": {
        "node": ">= 14.0.0"
      }
    },
    "node_modules/@algolia/recommend": {
      "version": "5.51.0",
      "resolved": "https://registry.npmjs.org/@algolia/recommend/-/recommend-5.51.0.tgz",
      "integrity": "sha512-/HDgccfye1Rq3bPxaSCsvSEBHzSMmtpM9ZRGRtAuC62Cv+ql/76IWnxjGTDXtqIJ+/j7ZlFYAzq9fkp95wF2SQ==",
      "license": "MIT",
      "peer": true,
      "dependencies": {
        "@algolia/client-common": "5.51.0",
        "@algolia/requester-browser-xhr": "5.51.0",
        "@algolia/requester-fetch": "5.51.0",
        "@algolia/requester-node-http": "5.51.0"
      },
      "engines": {
        "node": ">= 14.0.0"
      }
    },
    "node_modules/@algolia/requester-browser-xhr": {
      "version": "5.51.0",
      "resolved": "https://registry.npmjs.org/@algolia/requester-browser-xhr/-/requester-browser-xhr-5.51.0.tgz",
      "integrity": "sha512-nJdW+WBwGlXWMJbxxB7/AJPvNq0lLJSudXmIQCJbmH8jsOXQhRpAtoCD4ceLyJKv3ze9JbQu4Gqu5JDLckuFcw==",
      "license": "MIT",
      "peer": true,
      "dependencies": {
        "@algolia/client-common": "5.51.0"
      },
      "engines": {
        "node": ">= 14.0.0"
      }
    },
    "node_modules/@algolia/requester-fetch": {
      "version": "5.51.0",
      "resolved": "https://registry.npmjs.org/@algolia/requester-fetch/-/requester-fetch-5.51.0.tgz",
      "integrity": "sha512-bsBgRI/1h1mjS3eCyfGau78yGZVmiDLmT1aU6dMnk75/T0SgKqnSKNpQ53xKoDYVChGDcNnpHXWpoUSo8MH1+w==",
      "license": "MIT",
      "peer": true,
      "dependencies": {
        "@algolia/client-common": "5.51.0"
      },
      "engines": {
        "node": ">= 14.0.0"
      }
    },
    "node_modules/@algolia/requester-node-http": {
      "version": "5.51.0",
      "resolved": "https://registry.npmjs.org/@algolia/requester-node-http/-/requester-node-http-5.51.0.tgz",
      "integrity": "sha512-zPrIDVPpmKWgrjmWOqpqrhqAhNjvVkjoj+mqw2NBPxEOuKNzP0H+Qz5NJLLTOepBVj1UFedFaF3AUgxLsB9ukQ==",
      "license": "MIT",
      "peer": true,
      "dependencies": {
        "@algolia/client-common": "5.51.0"
      },
      "engines": {
        "node": ">= 14.0.0"
      }
    },
    "node_modules/algoliasearch": {
      "version": "5.51.0",
      "resolved": "https://registry.npmjs.org/algoliasearch/-/algoliasearch-5.51.0.tgz",
      "integrity": "sha512-u3XS8HaTzt5YN90KPsOXMRjYJUMVD1dtr6yi4NXQluMbZ5IjQNBu1MEabdAxFhYtEuexqomPMSmRIhQJUd3QSg==",
      "license": "MIT",
      "peer": true,
      "dependencies": {
        "@algolia/abtesting": "1.17.0",
        "@algolia/client-abtesting": "5.51.0",
        "@algolia/client-analytics": "5.51.0",
        "@algolia/client-common": "5.51.0",
        "@algolia/client-insights": "5.51.0",
        "@algolia/client-personalization": "5.51.0",
        "@algolia/client-query-suggestions": "5.51.0",
        "@algolia/client-search": "5.51.0",
        "@algolia/ingestion": "1.51.0",
        "@algolia/monitoring": "1.51.0",
        "@algolia/recommend": "5.51.0",
        "@algolia/requester-browser-xhr": "5.51.0",
        "@algolia/requester-fetch": "5.51.0",
        "@algolia/requester-node-http": "5.51.0"
      },
      "engines": {
        "node": ">= 14.0.0"
      }
    },
    "node_modules/fuse.js": {
      "version": "7.3.0",
      "resolved": "https://registry.npmjs.org/fuse.js/-/fuse.js-7.3.0.tgz",
      "integrity": "sha512-plz8RVjfcDedTGfVngWH1jmJvBvAwi1v2jecfDerbEnMcmOYUEEwKFTHbNoCiYyzaK2Ws8lABkTCcRSqCY1q4w==",
      "license": "Apache-2.0",
      "engines": {
        "node": ">=10"
      },
      "funding": {
        "type": "github",
        "url": "https://github.com/sponsors/krisk"
      }
    },
    "node_modules/htm": {
      "version": "3.1.1",
      "resolved": "https://registry.npmjs.org/htm/-/htm-3.1.1.tgz",
      "integrity": "sha512-983Vyg8NwUE7JkZ6NmOqpCZ+sh1bKv2iYTlUkzlWmA5JD2acKoxd4KVxbMmxX/85mtfdnDmTFoNKcg5DGAvxNQ==",
      "license": "Apache-2.0"
    },
    "node_modules/preact": {
      "version": "10.29.1",
      "resolved": "https://registry.npmjs.org/preact/-/preact-10.29.1.tgz",
      "integrity": "sha512-gQCLc/vWroE8lIpleXtdJhTFDogTdZG9AjMUpVkDf2iTCNwYNWA+u16dL41TqUDJO4gm2IgrcMv3uTpjd4Pwmg==",
      "license": "MIT",
      "funding": {
        "type": "opencollective",
        "url": "https://opencollective.com/preact"
      }
    },
    "node_modules/search-insights": {
      "version": "2.17.3",
      "resolved": "https://registry.npmjs.org/search-insights/-/search-insights-2.17.3.tgz",
      "integrity": "sha512-RQPdCYTa8A68uM2jwxoY842xDhvx3E5LFL1LxvxCNMev4o5mLuokczhzjAgGwUZBAmOKZknArSxLKmXtIi2AxQ==",
      "license": "MIT",
      "peer": true
    }
  }
}
